
Microsoft Visual Studio Solution File, Format Version 12.00
# Visual Studio Version 17
VisualStudioVersion = 17.2.32505.173
MinimumVisualStudioVersion = 10.0.40219.1
Project("{FAE04EC0-301F-11D3-BF4B-00C04F79EFBC}") = "City button list", "City button list.csproj", "{37DD7997-B72A-46DE-A430-2E61909944E4}"
EndProject
Global
	GlobalSection(SolutionConfigurationPlatforms) = preSolution
		Debug|Any CPU = Debug|Any CPU
		Release|Any CPU = Release|Any CPU
	EndGlobalSection
	GlobalSection(ProjectConfigurationPlatforms) = postSolution
		{37DD7997-B72A-46DE-A430-2E61909944E4}.Debug|Any CPU.ActiveCfg = Debug|Any CPU
		{37DD7997-B72A-46DE-A430-2E61909944E4}.Debug|Any CPU.Build.0 = Debug|Any CPU
		{37DD7997-B72A-46DE-A430-2E61909944E4}.Release|Any CPU.ActiveCfg = Release|Any CPU
		{37DD7997-B72A-46DE-A430-2E61909944E4}.Release|Any CPU.Build.0 = Release|Any CPU
	EndGlobalSection
	GlobalSection(SolutionProperties) = preSolution
		HideSolutionNode = FALSE
	EndGlobalSection
	GlobalSection(ExtensibilityGlobals) = postSolution
		SolutionGuid = {3465C564-136D-4C27-9416-0A6945F16B3B}
	EndGlobalSection
EndGlobal
